{
  "requires": true,
  "lockfileVersion": 1,
  "dependencies": {
    "@dcloudio/uni-ui": {
      "version": "1.4.19",
      "resolved": "https://registry.npmmirror.com/@dcloudio/uni-ui/-/uni-ui-1.4.19.tgz",
      "integrity": "sha512-cKdiyvLxEmLJX/5XsOM4dxz8JKbQaVYDD71YUPBuN5l5QuG0vCGLAUNcwyXbXLbtNICD5fih/kLhefzW44wPqA=="
    }
  }
}
